# This file was autogenerated by uv via the following command:
#    uv pip compile gdx_dispatch/requirements-plugin-host.in --universal --python-version 3.12 -o gdx_dispatch/requirements-plugin-host.lock
aiofile==3.12.3
    # via py-key-value-aio
aiohappyeyeballs==2.7.1
    # via aiohttp
aiohttp==3.14.4
    # via pywebpush
aiosignal==1.4.0
    # via aiohttp
alembic==1.20.0
    # via -r gdx_dispatch/requirements.txt
amqp==5.4.1
    # via kombu
annotated-doc==0.0.5
    # via fastapi
annotated-types==0.8.0
    # via pydantic
anthropic==0.125.0
    # via -r gdx_dispatch/requirements.txt
anyio==4.15.1
    # via
    #   anthropic
    #   httpx
    #   mcp
    #   py-key-value-aio
    #   schemathesis
    #   sse-starlette
    #   starlette
    #   watchfiles
asgiref==3.12.1
    # via opentelemetry-instrumentation-asgi
attrs==26.1.0
    # via
    #   aiohttp
    #   cyclopts
    #   jsonschema
    #   jsonschema-path
    #   referencing
authlib==1.8.0
    # via fastmcp-slim
bcrypt==5.0.0
    # via -r gdx_dispatch/requirements.txt
beartype==0.23.0
    # via py-key-value-aio
bidict==0.24.1
    # via python-socketio
billiard==4.3.1
    # via celery
blinker==1.9.0
    # via flask
boto3==1.43.111
    # via -r gdx_dispatch/requirements.txt
botocore==1.43.111
    # via
    #   boto3
    #   s3transfer
brotli==1.2.0
    # via
    #   fonttools
    #   geventhttpclient
brotlicffi==1.2.0.2 ; platform_python_implementation != 'CPython'
    # via fonttools
cachetools==7.2.1
    # via py-key-value-aio
caio==0.12.9
    # via aiofile
celery==5.6.3
    # via -r gdx_dispatch/requirements.txt
certifi==2026.7.22
    # via
    #   geventhttpclient
    #   httpcore
    #   httpx
    #   requests
cffi==2.1.1
    # via
    #   brotlicffi
    #   cryptography
    #   gevent
    #   pyzmq
    #   weasyprint
charset-normalizer==3.5.2
    # via requests
click==8.5.0
    # via
    #   celery
    #   click-didyoumean
    #   click-plugins
    #   click-repl
    #   flask
    #   schemathesis
    #   uvicorn
click-didyoumean==0.3.1
    # via celery
click-plugins==1.1.1.2
    # via celery
click-repl==0.4.1
    # via celery
colorama==0.4.6 ; sys_platform == 'win32'
    # via pytest
configargparse==1.8.0
    # via locust
cryptography==50.0.2
    # via
    #   -r gdx_dispatch/requirements.txt
    #   authlib
    #   http-ece
    #   joserfc
    #   py-vapid
    #   pyjwt
    #   pywebpush
    #   secretstorage
cssselect2==0.10.1
    # via weasyprint
cyclopts==5.2.0
    # via fastmcp-slim
deprecated==3.0.0
    # via limits
distro==1.9.0
    # via anthropic
dnspython==2.9.0
    # via email-validator
docstring-parser==0.18.0
    # via
    #   anthropic
    #   cyclopts
email-validator==2.3.0
    # via
    #   -r gdx_dispatch/requirements.txt
    #   pydantic
exceptiongroup==1.3.1
    # via fastmcp-slim
execnet==2.1.2
    # via pytest-xdist
fakeredis==2.39.0
    # via -r gdx_dispatch/requirements.txt
fastapi==0.143.0
    # via -r gdx_dispatch/requirements.txt
fastmcp==3.4.8
    # via -r gdx_dispatch/requirements.txt
fastmcp-slim==3.4.8
    # via fastmcp
flask==3.1.3
    # via
    #   flask-cors
    #   flask-login
    #   locust
flask-cors==6.0.5
    # via locust
flask-login==0.6.3
    # via locust
fonttools==4.66.1
    # via weasyprint
freezegun==1.5.5
    # via -r gdx_dispatch/requirements.txt
frozenlist==1.8.0
    # via
    #   aiohttp
    #   aiosignal
gevent==24.11.1
    # via
    #   geventhttpclient
    #   locust
geventhttpclient==2.5.1
    # via locust
googleapis-common-protos==1.75.5
    # via
    #   opentelemetry-exporter-otlp-proto-grpc
    #   opentelemetry-exporter-otlp-proto-http
googlemaps==4.10.0
    # via -r gdx_dispatch/requirements.txt
graphql-core==3.2.13
    # via hypothesis-graphql
greenlet==3.1.1
    # via
    #   gevent
    #   playwright
    #   sqlalchemy
griffelib==2.3.2
    # via fastmcp-slim
grpcio==1.84.0
    # via opentelemetry-exporter-otlp-proto-grpc
h11==0.16.0
    # via
    #   httpcore
    #   uvicorn
    #   wsproto
harfile==0.5.0
    # via schemathesis
http-ece==1.2.1
    # via pywebpush
httpcore==1.0.9
    # via httpx
httptools==0.9.0
    # via uvicorn
httpx==0.28.1
    # via
    #   -r gdx_dispatch/requirements.txt
    #   anthropic
    #   fastmcp-slim
    #   mcp
    #   respx
httpx-sse==0.4.3
    # via mcp
hypothesis==6.168.5
    # via
    #   -r gdx_dispatch/requirements.txt
    #   hypothesis-graphql
    #   schemathesis
hypothesis-graphql==0.13.2
    # via schemathesis
idna==3.20
    # via
    #   anyio
    #   email-validator
    #   httpx
    #   requests
    #   yarl
iniconfig==2.3.1
    # via pytest
itsdangerous==2.2.0
    # via flask
jaraco-classes==3.4.0
    # via keyring
jaraco-context==6.1.2
    # via keyring
jaraco-functools==4.6.0
    # via keyring
jeepney==0.9.0 ; sys_platform == 'linux'
    # via
    #   keyring
    #   secretstorage
jinja2==3.1.6
    # via
    #   -r gdx_dispatch/requirements.txt
    #   flask
jiter==0.17.0
    # via anthropic
jmespath==1.1.0
    # via
    #   boto3
    #   botocore
joserfc==1.7.5
    # via
    #   authlib
    #   fastmcp-slim
jsonref==1.1.0
    # via fastmcp-slim
jsonschema==4.26.0
    # via mcp
jsonschema-path==0.5.0
    # via fastmcp-slim
jsonschema-rs==0.58.6
    # via schemathesis
jsonschema-specifications==2025.9.1
    # via jsonschema
keyring==25.7.0
    # via py-key-value-aio
kombu==5.6.2
    # via celery
limits==5.8.0
    # via slowapi
locust==2.46.7
    # via -r gdx_dispatch/requirements.txt
lxml==6.1.3
    # via python-docx
mako==1.4.3
    # via
    #   -r gdx_dispatch/requirements.txt
    #   alembic
markdown-it-py==4.2.0
    # via rich
markupsafe==3.0.4
    # via
    #   flask
    #   jinja2
    #   mako
    #   werkzeug
mcp==1.30.0
    # via fastmcp-slim
mdurl==0.1.2
    # via markdown-it-py
more-itertools==11.1.0
    # via
    #   jaraco-classes
    #   jaraco-functools
msgpack==1.2.3
    # via locust
multidict==6.9.1
    # via
    #   aiohttp
    #   yarl
numpy==2.5.3
    # via shapely
openapi-pydantic==0.6.0
    # via fastmcp-slim
opentelemetry-api==1.45.1
    # via
    #   -r gdx_dispatch/requirements.txt
    #   fastapi
    #   fastmcp-slim
    #   opentelemetry-exporter-http-transport
    #   opentelemetry-exporter-otlp-proto-grpc
    #   opentelemetry-exporter-otlp-proto-http
    #   opentelemetry-instrumentation
    #   opentelemetry-instrumentation-asgi
    #   opentelemetry-instrumentation-fastapi
    #   opentelemetry-instrumentation-redis
    #   opentelemetry-instrumentation-sqlalchemy
    #   opentelemetry-sdk
    #   opentelemetry-semantic-conventions
opentelemetry-exporter-http-transport==0.66b1
    # via opentelemetry-exporter-otlp-proto-http
opentelemetry-exporter-otlp==1.45.1
    # via -r gdx_dispatch/requirements.txt
opentelemetry-exporter-otlp-common==0.66b1
    # via
    #   opentelemetry-exporter-otlp-proto-grpc
    #   opentelemetry-exporter-otlp-proto-http
opentelemetry-exporter-otlp-proto-common==1.45.1
    # via
    #   opentelemetry-exporter-otlp-proto-grpc
    #   opentelemetry-exporter-otlp-proto-http
opentelemetry-exporter-otlp-proto-grpc==1.45.1
    # via opentelemetry-exporter-otlp
opentelemetry-exporter-otlp-proto-http==1.45.1
    # via opentelemetry-exporter-otlp
opentelemetry-instrumentation==0.66b1
    # via
    #   opentelemetry-instrumentation-asgi
    #   opentelemetry-instrumentation-fastapi
    #   opentelemetry-instrumentation-redis
    #   opentelemetry-instrumentation-sqlalchemy
opentelemetry-instrumentation-asgi==0.66b1
    # via opentelemetry-instrumentation-fastapi
opentelemetry-instrumentation-fastapi==0.66b1
    # via -r gdx_dispatch/requirements.txt
opentelemetry-instrumentation-redis==0.66b1
    # via -r gdx_dispatch/requirements.txt
opentelemetry-instrumentation-sqlalchemy==0.66b1
    # via -r gdx_dispatch/requirements.txt
opentelemetry-proto==1.45.1
    # via
    #   opentelemetry-exporter-otlp-proto-common
    #   opentelemetry-exporter-otlp-proto-grpc
    #   opentelemetry-exporter-otlp-proto-http
opentelemetry-sdk==1.45.1
    # via
    #   -r gdx_dispatch/requirements.txt
    #   opentelemetry-exporter-otlp-common
    #   opentelemetry-exporter-otlp-proto-grpc
    #   opentelemetry-exporter-otlp-proto-http
opentelemetry-semantic-conventions==0.66b1
    # via
    #   opentelemetry-instrumentation
    #   opentelemetry-instrumentation-asgi
    #   opentelemetry-instrumentation-fastapi
    #   opentelemetry-instrumentation-redis
    #   opentelemetry-instrumentation-sqlalchemy
    #   opentelemetry-sdk
opentelemetry-util-http==0.66b1
    # via
    #   opentelemetry-instrumentation-asgi
    #   opentelemetry-instrumentation-fastapi
packaging==26.3
    # via
    #   fastmcp-slim
    #   kombu
    #   limits
    #   opentelemetry-instrumentation
    #   opentelemetry-instrumentation-sqlalchemy
    #   pytest
pathable==0.6.0
    # via jsonschema-path
pillow==12.3.0
    # via
    #   -r gdx_dispatch/requirements.txt
    #   pillow-heif
    #   weasyprint
pillow-heif==1.8.0
    # via -r gdx_dispatch/requirements.txt
platformdirs==4.12.4
    # via fastmcp-slim
playwright==1.49.1
    # via -r gdx_dispatch/requirements-plugin-host.in
pluggy==1.6.0
    # via pytest
prometheus-client==0.26.0
    # via -r gdx_dispatch/requirements.txt
prompt-toolkit==3.0.53
    # via click-repl
propcache==0.5.4
    # via
    #   aiohttp
    #   yarl
protobuf==7.36.2
    # via
    #   googleapis-common-protos
    #   opentelemetry-proto
psutil==7.2.2
    # via locust
psycopg2-binary==2.9.13
    # via -r gdx_dispatch/requirements.txt
py-key-value-aio==0.4.6
    # via fastmcp-slim
py-vapid==1.9.4
    # via pywebpush
pycparser==3.11 ; implementation_name != 'PyPy'
    # via cffi
pydantic==2.14.0
    # via
    #   -r gdx_dispatch/requirements.txt
    #   anthropic
    #   fastapi
    #   fastmcp-slim
    #   mcp
    #   openapi-pydantic
    #   pydantic-settings
pydantic-core==2.50.0
    # via pydantic
pydantic-settings==2.15.0
    # via
    #   -r gdx_dispatch/requirements.txt
    #   fastmcp-slim
    #   mcp
pydyf==0.12.1
    # via weasyprint
pyee==12.0.0
    # via playwright
pygments==2.21.0
    # via
    #   pytest
    #   rich
    #   rich-rst
pyjwt==2.15.1
    # via
    #   -r gdx_dispatch/requirements.txt
    #   mcp
pypdf==6.20.0
    # via -r gdx_dispatch/requirements.txt
pyperclip==1.11.0
    # via fastmcp-slim
pyphen==0.18.1
    # via weasyprint
pyrate-limiter==4.5.0
    # via schemathesis
pytest==9.1.1
    # via
    #   locust
    #   pytest-asyncio
    #   pytest-forked
    #   pytest-split
    #   pytest-xdist
    #   schemathesis
pytest-asyncio==1.4.0
    # via -r gdx_dispatch/requirements.txt
pytest-forked==1.7.5
    # via -r gdx_dispatch/requirements.txt
pytest-split==0.11.0
    # via -r gdx_dispatch/requirements.txt
pytest-xdist==3.8.0
    # via -r gdx_dispatch/requirements.txt
python-dateutil==2.9.0.post0
    # via
    #   botocore
    #   celery
    #   freezegun
python-docx==1.2.0
    # via -r gdx_dispatch/requirements.txt
python-dotenv==1.2.4
    # via
    #   fastmcp-slim
    #   pydantic-settings
    #   uvicorn
python-engineio==4.14.0
    # via
    #   locust
    #   python-socketio
python-json-logger==4.2.0
    # via -r gdx_dispatch/requirements.txt
python-multipart==0.0.32
    # via
    #   -r gdx_dispatch/requirements.txt
    #   fastmcp-slim
    #   mcp
python-socketio==5.17.0
    # via locust
pywebpush==2.5.0
    # via -r gdx_dispatch/requirements.txt
pywin32==312 ; sys_platform == 'win32'
    # via
    #   locust
    #   mcp
pywin32-ctypes==0.2.3 ; sys_platform == 'win32'
    # via keyring
pyyaml==6.0.3
    # via
    #   fastmcp-slim
    #   jsonschema-path
    #   schemathesis
    #   uvicorn
pyzmq==27.2.0
    # via locust
redis==8.1.0
    # via
    #   -r gdx_dispatch/requirements.txt
    #   fakeredis
referencing==0.37.0
    # via
    #   jsonschema
    #   jsonschema-path
    #   jsonschema-specifications
requests==2.34.2
    # via
    #   googlemaps
    #   locust
    #   opentelemetry-exporter-http-transport
    #   opentelemetry-exporter-otlp-proto-http
    #   python-socketio
    #   pywebpush
    #   schemathesis
    #   stripe
respx==0.23.1
    # via -r gdx_dispatch/requirements.txt
rich==15.0.0
    # via
    #   cyclopts
    #   fastmcp-slim
    #   rich-rst
    #   schemathesis
rich-rst==2.2.0
    # via cyclopts
rpds-py==2026.9.1
    # via
    #   jsonschema
    #   referencing
s3transfer==0.19.2
    # via boto3
schemathesis==4.30.1
    # via -r gdx_dispatch/requirements.txt
secretstorage==3.5.0 ; sys_platform == 'linux'
    # via keyring
shapely==2.2.0
    # via -r gdx_dispatch/requirements.txt
simple-websocket==1.1.0
    # via python-engineio
six==1.17.0
    # via python-dateutil
slowapi==0.1.10
    # via -r gdx_dispatch/requirements.txt
sniffio==1.3.1
    # via anthropic
sortedcontainers==2.4.0
    # via
    #   fakeredis
    #   hypothesis
sqlalchemy==2.0.54
    # via
    #   -r gdx_dispatch/requirements.txt
    #   alembic
sse-starlette==3.5.0
    # via mcp
starlette==1.7.0
    # via
    #   fastapi
    #   fastmcp-slim
    #   mcp
    #   sse-starlette
stripe==11.6.0
    # via -r gdx_dispatch/requirements.txt
tinycss2==1.5.1
    # via
    #   cssselect2
    #   weasyprint
tinyhtml5==2.1.0
    # via weasyprint
typing-extensions==4.16.0
    # via
    #   aiohttp
    #   aiosignal
    #   alembic
    #   anthropic
    #   anyio
    #   click-repl
    #   exceptiongroup
    #   fastapi
    #   fastmcp-slim
    #   grpcio
    #   limits
    #   mcp
    #   opentelemetry-api
    #   opentelemetry-exporter-otlp-proto-grpc
    #   opentelemetry-exporter-otlp-proto-http
    #   opentelemetry-sdk
    #   opentelemetry-semantic-conventions
    #   py-key-value-aio
    #   pydantic
    #   pydantic-core
    #   pyee
    #   pytest-asyncio
    #   python-docx
    #   referencing
    #   schemathesis
    #   sqlalchemy
    #   starlette
    #   stripe
    #   typing-inspection
typing-inspection==0.4.4
    # via
    #   fastapi
    #   mcp
    #   pydantic
    #   pydantic-settings
tzdata==2026.5
    # via
    #   kombu
    #   tzlocal
tzlocal==5.4.4
    # via celery
uncalled-for==0.4.1
    # via fastmcp-slim
urllib3==2.8.0
    # via
    #   botocore
    #   requests
uvicorn==0.54.0
    # via
    #   -r gdx_dispatch/requirements.txt
    #   fastmcp-slim
    #   mcp
uvloop==0.23.0 ; platform_python_implementation != 'PyPy' and sys_platform != 'cygwin' and sys_platform != 'win32'
    # via uvicorn
vine==5.1.0
    # via
    #   amqp
    #   celery
    #   kombu
watchfiles==1.3.0
    # via
    #   -r gdx_dispatch/requirements.txt
    #   fastmcp-slim
    #   uvicorn
wcwidth==0.9.2
    # via prompt-toolkit
weasyprint==70.0
    # via -r gdx_dispatch/requirements.txt
webencodings==0.6.1
    # via
    #   cssselect2
    #   tinycss2
    #   tinyhtml5
websocket-client==1.9.2
    # via python-socketio
websockets==17.2
    # via
    #   fastmcp-slim
    #   uvicorn
werkzeug==3.1.9
    # via
    #   -r gdx_dispatch/requirements.txt
    #   flask
    #   flask-cors
    #   flask-login
    #   locust
    #   schemathesis
wrapt==2.5.0
    # via
    #   deprecated
    #   opentelemetry-instrumentation
    #   opentelemetry-instrumentation-redis
    #   opentelemetry-instrumentation-sqlalchemy
wsproto==1.3.2
    # via simple-websocket
yarl==1.25.1
    # via aiohttp
zope-event==6.2
    # via gevent
zope-interface==8.6
    # via gevent
zopfli==0.4.3
    # via fonttools
